
Microsoft Visual Studio Solution File, Format Version 12.00
# Visual Studio Version 16
VisualStudioVersion = 16.0.30011.22
MinimumVisualStudioVersion = 10.0.40219.1
Project("{9A19103F-16F7-4668-BE54-9A1E7A4F7556}") = "MovieApp", "MovieApp\MovieApp.csproj", "{848837F0-BA3C-4E97-8C83-947760BF4C02}"
EndProject
Project("{9A19103F-16F7-4668-BE54-9A1E7A4F7556}") = "Classes", "Classes\Classes.csproj", "{2C057F7E-EB0F-401C-860D-08D50E358C54}"
EndProject
Project("{FAE04EC0-301F-11D3-BF4B-00C04F79EFBC}") = "Services", "Services\Services.csproj", "{998A715D-E0B9-41A9-AE3F-0CF7388E3626}"
EndProject
Global
	GlobalSection(SolutionConfigurationPlatforms) = preSolution
		Debug|Any CPU = Debug|Any CPU
		Release|Any CPU = Release|Any CPU
	EndGlobalSection
	GlobalSection(ProjectConfigurationPlatforms) = postSolution
		{848837F0-BA3C-4E97-8C83-947760BF4C02}.Debug|Any CPU.ActiveCfg = Debug|Any CPU
		{848837F0-BA3C-4E97-8C83-947760BF4C02}.Debug|Any CPU.Build.0 = Debug|Any CPU
		{848837F0-BA3C-4E97-8C83-947760BF4C02}.Release|Any CPU.ActiveCfg = Release|Any CPU
		{848837F0-BA3C-4E97-8C83-947760BF4C02}.Release|Any CPU.Build.0 = Release|Any CPU
		{2C057F7E-EB0F-401C-860D-08D50E358C54}.Debug|Any CPU.ActiveCfg = Debug|Any CPU
		{2C057F7E-EB0F-401C-860D-08D50E358C54}.Debug|Any CPU.Build.0 = Debug|Any CPU
		{2C057F7E-EB0F-401C-860D-08D50E358C54}.Release|Any CPU.ActiveCfg = Release|Any CPU
		{2C057F7E-EB0F-401C-860D-08D50E358C54}.Release|Any CPU.Build.0 = Release|Any CPU
		{998A715D-E0B9-41A9-AE3F-0CF7388E3626}.Debug|Any CPU.ActiveCfg = Debug|Any CPU
		{998A715D-E0B9-41A9-AE3F-0CF7388E3626}.Debug|Any CPU.Build.0 = Debug|Any CPU
		{998A715D-E0B9-41A9-AE3F-0CF7388E3626}.Release|Any CPU.ActiveCfg = Release|Any CPU
		{998A715D-E0B9-41A9-AE3F-0CF7388E3626}.Release|Any CPU.Build.0 = Release|Any CPU
	EndGlobalSection
	GlobalSection(SolutionProperties) = preSolution
		HideSolutionNode = FALSE
	EndGlobalSection
	GlobalSection(ExtensibilityGlobals) = postSolution
		SolutionGuid = {2FA216EA-120A-4760-B432-25C354EC5F96}
	EndGlobalSection
EndGlobal
